// !$*UTF8*$!
{
	archiveVersion = 1;
	classes = {
	};
	objectVersion = 55;
	objects = {

/* Begin PBXBuildFile section */
		EFCDDF9D27BC3127006DF178 /* AppDelegate.swift in Sources */ = {isa = PBXBuildFile; fileRef = EFCDDF9C27BC3127006DF178 /* AppDelegate.swift */; };
		EFCDDF9F27BC3127006DF178 /* SceneDelegate.swift in Sources */ = {isa = PBXBuildFile; fileRef = EFCDDF9E27BC3127006DF178 /* SceneDelegate.swift */; };
		EFCDDFA427BC3127006DF178 /* Main.storyboard in Resources */ = {isa = PBXBuildFile; fileRef = EFCDDFA227BC3127006DF178 /* Main.storyboard */; };
		EFCDDFA627BC312A006DF178 /* Assets.xcassets in Resources */ = {isa = PBXBuildFile; fileRef = EFCDDFA527BC312A006DF178 /* Assets.xcassets */; };
		EFCDDFA927BC312A006DF178 /* LaunchScreen.storyboard in Resources */ = {isa = PBXBuildFile; fileRef = EFCDDFA727BC312A006DF178 /* LaunchScreen.storyboard */; };
		EFCDDFBE27BC312A006DF178 /* TicTacToeUITests.swift in Sources */ = {isa = PBXBuildFile; fileRef = EFCDDFBD27BC312A006DF178 /* TicTacToeUITests.swift */; };
		EFCDDFC027BC312A006DF178 /* TicTacToeUITestsLaunchTests.swift in Sources */ = {isa = PBXBuildFile; fileRef = EFCDDFBF27BC312A006DF178 /* TicTacToeUITestsLaunchTests.swift */; };
		EFCDDFCE27BC31A6006DF178 /* BoardCoordinator.swift in Sources */ = {isa = PBXBuildFile; fileRef = EFCDDFCD27BC31A6006DF178 /* BoardCoordinator.swift */; };
		EFCDDFD027BC31B1006DF178 /* BoardViewController.swift in Sources */ = {isa = PBXBuildFile; fileRef = EFCDDFCF27BC31B1006DF178 /* BoardViewController.swift */; };
		EFCDDFD227BC31C1006DF178 /* BoardViewModel.swift in Sources */ = {isa = PBXBuildFile; fileRef = EFCDDFD127BC31C1006DF178 /* BoardViewModel.swift */; };
		EFCDDFD527BC326F006DF178 /* BoardCoordinatorTests.swift in Sources */ = {isa = PBXBuildFile; fileRef = EFCDDFD427BC326F006DF178 /* BoardCoordinatorTests.swift */; };
		EFCDDFD727BC327D006DF178 /* BoardViewControllerTests.swift in Sources */ = {isa = PBXBuildFile; fileRef = EFCDDFD627BC327D006DF178 /* BoardViewControllerTests.swift */; };
		EFCDDFD927BC3287006DF178 /* BoardViewModelTests.swift in Sources */ = {isa = PBXBuildFile; fileRef = EFCDDFD827BC3287006DF178 /* BoardViewModelTests.swift */; };
		EFCDDFDC27BC34DF006DF178 /* BoardView.swift in Sources */ = {isa = PBXBuildFile; fileRef = EFCDDFDB27BC34DF006DF178 /* BoardView.swift */; };
		EFCDDFDE27BC34FF006DF178 /* BoardSquareView.swift in Sources */ = {isa = PBXBuildFile; fileRef = EFCDDFDD27BC34FF006DF178 /* BoardSquareView.swift */; };
		EFCDDFE127BC35E6006DF178 /* BoardConfiguration.swift in Sources */ = {isa = PBXBuildFile; fileRef = EFCDDFE027BC35E6006DF178 /* BoardConfiguration.swift */; };
		EFCDDFE427BC368F006DF178 /* UIStackView+Subviews.swift in Sources */ = {isa = PBXBuildFile; fileRef = EFCDDFE327BC368F006DF178 /* UIStackView+Subviews.swift */; };
		EFCDDFE727BC36BB006DF178 /* UIStackView+SubviewsTests.swift in Sources */ = {isa = PBXBuildFile; fileRef = EFCDDFE627BC36BB006DF178 /* UIStackView+SubviewsTests.swift */; };
		EFCDDFEA27BC36E6006DF178 /* BoardSquareViewTests.swift in Sources */ = {isa = PBXBuildFile; fileRef = EFCDDFE927BC36E6006DF178 /* BoardSquareViewTests.swift */; };
		EFCDDFEC27BC3D97006DF178 /* Player.swift in Sources */ = {isa = PBXBuildFile; fileRef = EFCDDFEB27BC3D97006DF178 /* Player.swift */; };
		EFCDDFEF27BC40C3006DF178 /* BoardEngine.swift in Sources */ = {isa = PBXBuildFile; fileRef = EFCDDFEE27BC40C3006DF178 /* BoardEngine.swift */; };
		EFCDDFF127BC40CB006DF178 /* DefaultBoardEngine.swift in Sources */ = {isa = PBXBuildFile; fileRef = EFCDDFF027BC40CB006DF178 /* DefaultBoardEngine.swift */; };
		EFCDDFF327BC40EE006DF178 /* Move.swift in Sources */ = {isa = PBXBuildFile; fileRef = EFCDDFF227BC40EE006DF178 /* Move.swift */; };
		EFCDDFF527BC40F7006DF178 /* GameState.swift in Sources */ = {isa = PBXBuildFile; fileRef = EFCDDFF427BC40F7006DF178 /* GameState.swift */; };
		EFCDDFF827BC41C8006DF178 /* BoardEngineTests.swift in Sources */ = {isa = PBXBuildFile; fileRef = EFCDDFF727BC41C8006DF178 /* BoardEngineTests.swift */; };
		EFCDDFFB27BC41FA006DF178 /* MockBoardEngine.swift in Sources */ = {isa = PBXBuildFile; fileRef = EFCDDFFA27BC41FA006DF178 /* MockBoardEngine.swift */; };
/* End PBXBuildFile section */

/* Begin PBXContainerItemProxy section */
		EFCDDFB027BC312A006DF178 /* PBXContainerItemProxy */ = {
			isa = PBXContainerItemProxy;
			containerPortal = EFCDDF9127BC3127006DF178 /* Project object */;
			proxyType = 1;
			remoteGlobalIDString = EFCDDF9827BC3127006DF178;
			remoteInfo = TicTacToe;
		};
		EFCDDFBA27BC312A006DF178 /* PBXContainerItemProxy */ = {
			isa = PBXContainerItemProxy;
			containerPortal = EFCDDF9127BC3127006DF178 /* Project object */;
			proxyType = 1;
			remoteGlobalIDString = EFCDDF9827BC3127006DF178;
			remoteInfo = TicTacToe;
		};
/* End PBXContainerItemProxy section */

/* Begin PBXFileReference section */
		EFCDDF9927BC3127006DF178 /* TicTacToe.app */ = {isa = PBXFileReference; explicitFileType = wrapper.application; includeInIndex = 0; path = TicTacToe.app; sourceTree = BUILT_PRODUCTS_DIR; };
		EFCDDF9C27BC3127006DF178 /* AppDelegate.swift */ = {isa = PBXFileReference; lastKnownFileType = sourcecode.swift; path = AppDelegate.swift; sourceTree = "<group>"; };
		EFCDDF9E27BC3127006DF178 /* SceneDelegate.swift */ = {isa = PBXFileReference; lastKnownFileType = sourcecode.swift; path = SceneDelegate.swift; sourceTree = "<group>"; };
		EFCDDFA327BC3127006DF178 /* Base */ = {isa = PBXFileReference; lastKnownFileType = file.storyboard; name = Base; path = Base.lproj/Main.storyboard; sourceTree = "<group>"; };
		EFCDDFA527BC312A006DF178 /* Assets.xcassets */ = {isa = PBXFileReference; lastKnownFileType = folder.assetcatalog; path = Assets.xcassets; sourceTree = "<group>"; };
		EFCDDFA827BC312A006DF178 /* Base */ = {isa = PBXFileReference; lastKnownFileType = file.storyboard; name = Base; path = Base.lproj/LaunchScreen.storyboard; sourceTree = "<group>"; };
		EFCDDFAA27BC312A006DF178 /* Info.plist */ = {isa = PBXFileReference; lastKnownFileType = text.plist.xml; path = Info.plist; sourceTree = "<group>"; };
		EFCDDFAF27BC312A006DF178 /* TicTacToeTests.xctest */ = {isa = PBXFileReference; explicitFileType = wrapper.cfbundle; includeInIndex = 0; path = TicTacToeTests.xctest; sourceTree = BUILT_PRODUCTS_DIR; };
		EFCDDFB927BC312A006DF178 /* TicTacToeUITests.xctest */ = {isa = PBXFileReference; explicitFileType = wrapper.cfbundle; includeInIndex = 0; path = TicTacToeUITests.xctest; sourceTree = BUILT_PRODUCTS_DIR; };
		EFCDDFBD27BC312A006DF178 /* TicTacToeUITests.swift */ = {isa = PBXFileReference; lastKnownFileType = sourcecode.swift; path = TicTacToeUITests.swift; sourceTree = "<group>"; };
		EFCDDFBF27BC312A006DF178 /* TicTacToeUITestsLaunchTests.swift */ = {isa = PBXFileReference; lastKnownFileType = sourcecode.swift; path = TicTacToeUITestsLaunchTests.swift; sourceTree = "<group>"; };
		EFCDDFCD27BC31A6006DF178 /* BoardCoordinator.swift */ = {isa = PBXFileReference; lastKnownFileType = sourcecode.swift; path = BoardCoordinator.swift; sourceTree = "<group>"; };
		EFCDDFCF27BC31B1006DF178 /* BoardViewController.swift */ = {isa = PBXFileReference; lastKnownFileType = sourcecode.swift; path = BoardViewController.swift; sourceTree = "<group>"; };
		EFCDDFD127BC31C1006DF178 /* BoardViewModel.swift */ = {isa = PBXFileReference; lastKnownFileType = sourcecode.swift; path = BoardViewModel.swift; sourceTree = "<group>"; };
		EFCDDFD427BC326F006DF178 /* BoardCoordinatorTests.swift */ = {isa = PBXFileReference; lastKnownFileType = sourcecode.swift; path = BoardCoordinatorTests.swift; sourceTree = "<group>"; };
		EFCDDFD627BC327D006DF178 /* BoardViewControllerTests.swift */ = {isa = PBXFileReference; lastKnownFileType = sourcecode.swift; path = BoardViewControllerTests.swift; sourceTree = "<group>"; };
		EFCDDFD827BC3287006DF178 /* BoardViewModelTests.swift */ = {isa = PBXFileReference; lastKnownFileType = sourcecode.swift; path = BoardViewModelTests.swift; sourceTree = "<group>"; };
		EFCDDFDB27BC34DF006DF178 /* BoardView.swift */ = {isa = PBXFileReference; lastKnownFileType = sourcecode.swift; path = BoardView.swift; sourceTree = "<group>"; };
		EFCDDFDD27BC34FF006DF178 /* BoardSquareView.swift */ = {isa = PBXFileReference; lastKnownFileType = sourcecode.swift; path = BoardSquareView.swift; sourceTree = "<group>"; };
		EFCDDFE027BC35E6006DF178 /* BoardConfiguration.swift */ = {isa = PBXFileReference; lastKnownFileType = sourcecode.swift; path = BoardConfiguration.swift; sourceTree = "<group>"; };
		EFCDDFE327BC368F006DF178 /* UIStackView+Subviews.swift */ = {isa = PBXFileReference; lastKnownFileType = sourcecode.swift; path = "UIStackView+Subviews.swift"; sourceTree = "<group>"; };
		EFCDDFE627BC36BB006DF178 /* UIStackView+SubviewsTests.swift */ = {isa = PBXFileReference; lastKnownFileType = sourcecode.swift; path = "UIStackView+SubviewsTests.swift"; sourceTree = "<group>"; };
		EFCDDFE927BC36E6006DF178 /* BoardSquareViewTests.swift */ = {isa = PBXFileReference; lastKnownFileType = sourcecode.swift; path = BoardSquareViewTests.swift; sourceTree = "<group>"; };
		EFCDDFEB27BC3D97006DF178 /* Player.swift */ = {isa = PBXFileReference; lastKnownFileType = sourcecode.swift; path = Player.swift; sourceTree = "<group>"; };
		EFCDDFEE27BC40C3006DF178 /* BoardEngine.swift */ = {isa = PBXFileReference; lastKnownFileType = sourcecode.swift; path = BoardEngine.swift; sourceTree = "<group>"; };
		EFCDDFF027BC40CB006DF178 /* DefaultBoardEngine.swift */ = {isa = PBXFileReference; lastKnownFileType = sourcecode.swift; path = DefaultBoardEngine.swift; sourceTree = "<group>"; };
		EFCDDFF227BC40EE006DF178 /* Move.swift */ = {isa = PBXFileReference; lastKnownFileType = sourcecode.swift; path = Move.swift; sourceTree = "<group>"; };
		EFCDDFF427BC40F7006DF178 /* GameState.swift */ = {isa = PBXFileReference; lastKnownFileType = sourcecode.swift; path = GameState.swift; sourceTree = "<group>"; };
		EFCDDFF727BC41C8006DF178 /* BoardEngineTests.swift */ = {isa = PBXFileReference; lastKnownFileType = sourcecode.swift; path = BoardEngineTests.swift; sourceTree = "<group>"; };
		EFCDDFFA27BC41FA006DF178 /* MockBoardEngine.swift */ = {isa = PBXFileReference; lastKnownFileType = sourcecode.swift; path = MockBoardEngine.swift; sourceTree = "<group>"; };
/* End PBXFileReference section */

/* Begin PBXFrameworksBuildPhase section */
		EFCDDF9627BC3127006DF178 /* Frameworks */ = {
			isa = PBXFrameworksBuildPhase;
			buildActionMask = 2147483647;
			files = (
			);
			runOnlyForDeploymentPostprocessing = 0;
		};
		EFCDDFAC27BC312A006DF178 /* Frameworks */ = {
			isa = PBXFrameworksBuildPhase;
			buildActionMask = 2147483647;
			files = (
			);
			runOnlyForDeploymentPostprocessing = 0;
		};
		EFCDDFB627BC312A006DF178 /* Frameworks */ = {
			isa = PBXFrameworksBuildPhase;
			buildActionMask = 2147483647;
			files = (
			);
			runOnlyForDeploymentPostprocessing = 0;
		};
/* End PBXFrameworksBuildPhase section */

/* Begin PBXGroup section */
		EFCDDF9027BC3127006DF178 = {
			isa = PBXGroup;
			children = (
				EFCDDF9B27BC3127006DF178 /* TicTacToe */,
				EFCDDFB227BC312A006DF178 /* TicTacToeTests */,
				EFCDDFBC27BC312A006DF178 /* TicTacToeUITests */,
				EFCDDF9A27BC3127006DF178 /* Products */,
			);
			sourceTree = "<group>";
		};
		EFCDDF9A27BC3127006DF178 /* Products */ = {
			isa = PBXGroup;
			children = (
				EFCDDF9927BC3127006DF178 /* TicTacToe.app */,
				EFCDDFAF27BC312A006DF178 /* TicTacToeTests.xctest */,
				EFCDDFB927BC312A006DF178 /* TicTacToeUITests.xctest */,
			);
			name = Products;
			sourceTree = "<group>";
		};
		EFCDDF9B27BC3127006DF178 /* TicTacToe */ = {
			isa = PBXGroup;
			children = (
				EFCDDFE227BC367F006DF178 /* Extensions */,
				EFCDDFCC27BC3196006DF178 /* Board */,
				EFCDDF9C27BC3127006DF178 /* AppDelegate.swift */,
				EFCDDF9E27BC3127006DF178 /* SceneDelegate.swift */,
				EFCDDFA227BC3127006DF178 /* Main.storyboard */,
				EFCDDFA527BC312A006DF178 /* Assets.xcassets */,
				EFCDDFA727BC312A006DF178 /* LaunchScreen.storyboard */,
				EFCDDFAA27BC312A006DF178 /* Info.plist */,
			);
			path = TicTacToe;
			sourceTree = "<group>";
		};
		EFCDDFB227BC312A006DF178 /* TicTacToeTests */ = {
			isa = PBXGroup;
			children = (
				EFCDDFD327BC325B006DF178 /* Board */,
				EFCDDFE527BC36A8006DF178 /* Extensions */,
				EFCDDFF927BC41ED006DF178 /* Mock */,
			);
			path = TicTacToeTests;
			sourceTree = "<group>";
		};
		EFCDDFBC27BC312A006DF178 /* TicTacToeUITests */ = {
			isa = PBXGroup;
			children = (
				EFCDDFBD27BC312A006DF178 /* TicTacToeUITests.swift */,
				EFCDDFBF27BC312A006DF178 /* TicTacToeUITestsLaunchTests.swift */,
			);
			path = TicTacToeUITests;
			sourceTree = "<group>";
		};
		EFCDDFCC27BC3196006DF178 /* Board */ = {
			isa = PBXGroup;
			children = (
				EFCDDFED27BC40B3006DF178 /* Engine */,
				EFCDDFDF27BC35DC006DF178 /* Model */,
				EFCDDFDA27BC34D1006DF178 /* View */,
				EFCDDFCD27BC31A6006DF178 /* BoardCoordinator.swift */,
				EFCDDFCF27BC31B1006DF178 /* BoardViewController.swift */,
				EFCDDFD127BC31C1006DF178 /* BoardViewModel.swift */,
			);
			path = Board;
			sourceTree = "<group>";
		};
		EFCDDFD327BC325B006DF178 /* Board */ = {
			isa = PBXGroup;
			children = (
				EFCDDFF627BC41BD006DF178 /* Engine */,
				EFCDDFE827BC36DF006DF178 /* View */,
				EFCDDFD427BC326F006DF178 /* BoardCoordinatorTests.swift */,
				EFCDDFD627BC327D006DF178 /* BoardViewControllerTests.swift */,
				EFCDDFD827BC3287006DF178 /* BoardViewModelTests.swift */,
			);
			path = Board;
			sourceTree = "<group>";
		};
		EFCDDFDA27BC34D1006DF178 /* View */ = {
			isa = PBXGroup;
			children = (
				EFCDDFDD27BC34FF006DF178 /* BoardSquareView.swift */,
				EFCDDFDB27BC34DF006DF178 /* BoardView.swift */,
			);
			path = View;
			sourceTree = "<group>";
		};
		EFCDDFDF27BC35DC006DF178 /* Model */ = {
			isa = PBXGroup;
			children = (
				EFCDDFE027BC35E6006DF178 /* BoardConfiguration.swift */,
				EFCDDFF427BC40F7006DF178 /* GameState.swift */,
				EFCDDFF227BC40EE006DF178 /* Move.swift */,
				EFCDDFEB27BC3D97006DF178 /* Player.swift */,
			);
			path = Model;
			sourceTree = "<group>";
		};
		EFCDDFE227BC367F006DF178 /* Extensions */ = {
			isa = PBXGroup;
			children = (
				EFCDDFE327BC368F006DF178 /* UIStackView+Subviews.swift */,
			);
			path = Extensions;
			sourceTree = "<group>";
		};
		EFCDDFE527BC36A8006DF178 /* Extensions */ = {
			isa = PBXGroup;
			children = (
				EFCDDFE627BC36BB006DF178 /* UIStackView+SubviewsTests.swift */,
			);
			path = Extensions;
			sourceTree = "<group>";
		};
		EFCDDFE827BC36DF006DF178 /* View */ = {
			isa = PBXGroup;
			children = (
				EFCDDFE927BC36E6006DF178 /* BoardSquareViewTests.swift */,
			);
			path = View;
			sourceTree = "<group>";
		};
		EFCDDFED27BC40B3006DF178 /* Engine */ = {
			isa = PBXGroup;
			children = (
				EFCDDFEE27BC40C3006DF178 /* BoardEngine.swift */,
				EFCDDFF027BC40CB006DF178 /* DefaultBoardEngine.swift */,
			);
			path = Engine;
			sourceTree = "<group>";
		};
		EFCDDFF627BC41BD006DF178 /* Engine */ = {
			isa = PBXGroup;
			children = (
				EFCDDFF727BC41C8006DF178 /* BoardEngineTests.swift */,
			);
			path = Engine;
			sourceTree = "<group>";
		};
		EFCDDFF927BC41ED006DF178 /* Mock */ = {
			isa = PBXGroup;
			children = (
				EFCDDFFA27BC41FA006DF178 /* MockBoardEngine.swift */,
			);
			path = Mock;
			sourceTree = "<group>";
		};
/* End PBXGroup section */

/* Begin PBXNativeTarget section */
		EFCDDF9827BC3127006DF178 /* TicTacToe */ = {
			isa = PBXNativeTarget;
			buildConfigurationList = EFCDDFC327BC312A006DF178 /* Build configuration list for PBXNativeTarget "TicTacToe" */;
			buildPhases = (
				EFCDDF9527BC3127006DF178 /* Sources */,
				EFCDDF9627BC3127006DF178 /* Frameworks */,
				EFCDDF9727BC3127006DF178 /* Resources */,
			);
			buildRules = (
			);
			dependencies = (
			);
			name = TicTacToe;
			productName = TicTacToe;
			productReference = EFCDDF9927BC3127006DF178 /* TicTacToe.app */;
			productType = "com.apple.product-type.application";
		};
		EFCDDFAE27BC312A006DF178 /* TicTacToeTests */ = {
			isa = PBXNativeTarget;
			buildConfigurationList = EFCDDFC627BC312A006DF178 /* Build configuration list for PBXNativeTarget "TicTacToeTests" */;
			buildPhases = (
				EFCDDFAB27BC312A006DF178 /* Sources */,
				EFCDDFAC27BC312A006DF178 /* Frameworks */,
				EFCDDFAD27BC312A006DF178 /* Resources */,
			);
			buildRules = (
			);
			dependencies = (
				EFCDDFB127BC312A006DF178 /* PBXTargetDependency */,
			);
			name = TicTacToeTests;
			productName = TicTacToeTests;
			productReference = EFCDDFAF27BC312A006DF178 /* TicTacToeTests.xctest */;
			productType = "com.apple.product-type.bundle.unit-test";
		};
		EFCDDFB827BC312A006DF178 /* TicTacToeUITests */ = {
			isa = PBXNativeTarget;
			buildConfigurationList = EFCDDFC927BC312A006DF178 /* Build configuration list for PBXNativeTarget "TicTacToeUITests" */;
			buildPhases = (
				EFCDDFB527BC312A006DF178 /* Sources */,
				EFCDDFB627BC312A006DF178 /* Frameworks */,
				EFCDDFB727BC312A006DF178 /* Resources */,
			);
			buildRules = (
			);
			dependencies = (
				EFCDDFBB27BC312A006DF178 /* PBXTargetDependency */,
			);
			name = TicTacToeUITests;
			productName = TicTacToeUITests;
			productReference = EFCDDFB927BC312A006DF178 /* TicTacToeUITests.xctest */;
			productType = "com.apple.product-type.bundle.ui-testing";
		};
/* End PBXNativeTarget section */

/* Begin PBXProject section */
		EFCDDF9127BC3127006DF178 /* Project object */ = {
			isa = PBXProject;
			attributes = {
				BuildIndependentTargetsInParallel = 1;
				LastSwiftUpdateCheck = 1320;
				LastUpgradeCheck = 1320;
				TargetAttributes = {
					EFCDDF9827BC3127006DF178 = {
						CreatedOnToolsVersion = 13.2.1;
					};
					EFCDDFAE27BC312A006DF178 = {
						CreatedOnToolsVersion = 13.2.1;
						LastSwiftMigration = 1320;
						TestTargetID = EFCDDF9827BC3127006DF178;
					};
					EFCDDFB827BC312A006DF178 = {
						CreatedOnToolsVersion = 13.2.1;
						TestTargetID = EFCDDF9827BC3127006DF178;
					};
				};
			};
			buildConfigurationList = EFCDDF9427BC3127006DF178 /* Build configuration list for PBXProject "TicTacToe" */;
			compatibilityVersion = "Xcode 13.0";
			developmentRegion = en;
			hasScannedForEncodings = 0;
			knownRegions = (
				en,
				Base,
			);
			mainGroup = EFCDDF9027BC3127006DF178;
			productRefGroup = EFCDDF9A27BC3127006DF178 /* Products */;
			projectDirPath = "";
			projectRoot = "";
			targets = (
				EFCDDF9827BC3127006DF178 /* TicTacToe */,
				EFCDDFAE27BC312A006DF178 /* TicTacToeTests */,
				EFCDDFB827BC312A006DF178 /* TicTacToeUITests */,
			);
		};
/* End PBXProject section */

/* Begin PBXResourcesBuildPhase section */
		EFCDDF9727BC3127006DF178 /* Resources */ = {
			isa = PBXResourcesBuildPhase;
			buildActionMask = 2147483647;
			files = (
				EFCDDFA927BC312A006DF178 /* LaunchScreen.storyboard in Resources */,
				EFCDDFA627BC312A006DF178 /* Assets.xcassets in Resources */,
				EFCDDFA427BC3127006DF178 /* Main.storyboard in Resources */,
			);
			runOnlyForDeploymentPostprocessing = 0;
		};
		EFCDDFAD27BC312A006DF178 /* Resources */ = {
			isa = PBXResourcesBuildPhase;
			buildActionMask = 2147483647;
			files = (
			);
			runOnlyForDeploymentPostprocessing = 0;
		};
		EFCDDFB727BC312A006DF178 /* Resources */ = {
			isa = PBXResourcesBuildPhase;
			buildActionMask = 2147483647;
			files = (
			);
			runOnlyForDeploymentPostprocessing = 0;
		};
/* End PBXResourcesBuildPhase section */

/* Begin PBXSourcesBuildPhase section */
		EFCDDF9527BC3127006DF178 /* Sources */ = {
			isa = PBXSourcesBuildPhase;
			buildActionMask = 2147483647;
			files = (
				EFCDDFE427BC368F006DF178 /* UIStackView+Subviews.swift in Sources */,
				EFCDDFCE27BC31A6006DF178 /* BoardCoordinator.swift in Sources */,
				EFCDDFF127BC40CB006DF178 /* DefaultBoardEngine.swift in Sources */,
				EFCDDFF327BC40EE006DF178 /* Move.swift in Sources */,
				EFCDDF9D27BC3127006DF178 /* AppDelegate.swift in Sources */,
				EFCDDF9F27BC3127006DF178 /* SceneDelegate.swift in Sources */,
				EFCDDFE127BC35E6006DF178 /* BoardConfiguration.swift in Sources */,
				EFCDDFF527BC40F7006DF178 /* GameState.swift in Sources */,
				EFCDDFEF27BC40C3006DF178 /* BoardEngine.swift in Sources */,
				EFCDDFDC27BC34DF006DF178 /* BoardView.swift in Sources */,
				EFCDDFD027BC31B1006DF178 /* BoardViewController.swift in Sources */,
				EFCDDFD227BC31C1006DF178 /* BoardViewModel.swift in Sources */,
				EFCDDFEC27BC3D97006DF178 /* Player.swift in Sources */,
				EFCDDFDE27BC34FF006DF178 /* BoardSquareView.swift in Sources */,
			);
			runOnlyForDeploymentPostprocessing = 0;
		};
		EFCDDFAB27BC312A006DF178 /* Sources */ = {
			isa = PBXSourcesBuildPhase;
			buildActionMask = 2147483647;
			files = (
				EFCDDFEA27BC36E6006DF178 /* BoardSquareViewTests.swift in Sources */,
				EFCDDFD527BC326F006DF178 /* BoardCoordinatorTests.swift in Sources */,
				EFCDDFF827BC41C8006DF178 /* BoardEngineTests.swift in Sources */,
				EFCDDFD727BC327D006DF178 /* BoardViewControllerTests.swift in Sources */,
				EFCDDFD927BC3287006DF178 /* BoardViewModelTests.swift in Sources */,
				EFCDDFFB27BC41FA006DF178 /* MockBoardEngine.swift in Sources */,
				EFCDDFE727BC36BB006DF178 /* UIStackView+SubviewsTests.swift in Sources */,
			);
			runOnlyForDeploymentPostprocessing = 0;
		};
		EFCDDFB527BC312A006DF178 /* Sources */ = {
			isa = PBXSourcesBuildPhase;
			buildActionMask = 2147483647;
			files = (
				EFCDDFBE27BC312A006DF178 /* TicTacToeUITests.swift in Sources */,
				EFCDDFC027BC312A006DF178 /* TicTacToeUITestsLaunchTests.swift in Sources */,
			);
			runOnlyForDeploymentPostprocessing = 0;
		};
/* End PBXSourcesBuildPhase section */

/* Begin PBXTargetDependency section */
		EFCDDFB127BC312A006DF178 /* PBXTargetDependency */ = {
			isa = PBXTargetDependency;
			target = EFCDDF9827BC3127006DF178 /* TicTacToe */;
			targetProxy = EFCDDFB027BC312A006DF178 /* PBXContainerItemProxy */;
		};
		EFCDDFBB27BC312A006DF178 /* PBXTargetDependency */ = {
			isa = PBXTargetDependency;
			target = EFCDDF9827BC3127006DF178 /* TicTacToe */;
			targetProxy = EFCDDFBA27BC312A006DF178 /* PBXContainerItemProxy */;
		};
/* End PBXTargetDependency section */

/* Begin PBXVariantGroup section */
		EFCDDFA227BC3127006DF178 /* Main.storyboard */ = {
			isa = PBXVariantGroup;
			children = (
				EFCDDFA327BC3127006DF178 /* Base */,
			);
			name = Main.storyboard;
			sourceTree = "<group>";
		};
		EFCDDFA727BC312A006DF178 /* LaunchScreen.storyboard */ = {
			isa = PBXVariantGroup;
			children = (
				EFCDDFA827BC312A006DF178 /* Base */,
			);
			name = LaunchScreen.storyboard;
			sourceTree = "<group>";
		};
/* End PBXVariantGroup section */

/* Begin XCBuildConfiguration section */
		EFCDDFC127BC312A006DF178 /* Debug */ = {
			isa = XCBuildConfiguration;
			buildSettings = {
				ALWAYS_SEARCH_USER_PATHS = NO;
				CLANG_ANALYZER_NONNULL = YES;
				CLANG_ANALYZER_NUMBER_OBJECT_CONVERSION = YES_AGGRESSIVE;
				CLANG_CXX_LANGUAGE_STANDARD = "gnu++17";
				CLANG_CXX_LIBRARY = "libc++";
				CLANG_ENABLE_MODULES = YES;
				CLANG_ENABLE_OBJC_ARC = YES;
				CLANG_ENABLE_OBJC_WEAK = YES;
				CLANG_WARN_BLOCK_CAPTURE_AUTORELEASING = YES;
				CLANG_WARN_BOOL_CONVERSION = YES;
				CLANG_WARN_COMMA = YES;
				CLANG_WARN_CONSTANT_CONVERSION = YES;
				CLANG_WARN_DEPRECATED_OBJC_IMPLEMENTATIONS = YES;
				CLANG_WARN_DIRECT_OBJC_ISA_USAGE = YES_ERROR;
				CLANG_WARN_DOCUMENTATION_COMMENTS = YES;
				CLANG_WARN_EMPTY_BODY = YES;
				CLANG_WARN_ENUM_CONVERSION = YES;
				CLANG_WARN_INFINITE_RECURSION = YES;
				CLANG_WARN_INT_CONVERSION = YES;
				CLANG_WARN_NON_LITERAL_NULL_CONVERSION = YES;
				CLANG_WARN_OBJC_IMPLICIT_RETAIN_SELF = YES;
				CLANG_WARN_OBJC_LITERAL_CONVERSION = YES;
				CLANG_WARN_OBJC_ROOT_CLASS = YES_ERROR;
				CLANG_WARN_QUOTED_INCLUDE_IN_FRAMEWORK_HEADER = YES;
				CLANG_WARN_RANGE_LOOP_ANALYSIS = YES;
				CLANG_WARN_STRICT_PROTOTYPES = YES;
				CLANG_WARN_SUSPICIOUS_MOVE = YES;
				CLANG_WARN_UNGUARDED_AVAILABILITY = YES_AGGRESSIVE;
				CLANG_WARN_UNREACHABLE_CODE = YES;
				CLANG_WARN__DUPLICATE_METHOD_MATCH = YES;
				COPY_PHASE_STRIP = NO;
				DEBUG_INFORMATION_FORMAT = dwarf;
				ENABLE_STRICT_OBJC_MSGSEND = YES;
				ENABLE_TESTABILITY = YES;
				GCC_C_LANGUAGE_STANDARD = gnu11;
				GCC_DYNAMIC_NO_PIC = NO;
				GCC_NO_COMMON_BLOCKS = YES;
				GCC_OPTIMIZATION_LEVEL = 0;
				GCC_PREPROCESSOR_DEFINITIONS = (
					"DEBUG=1",
					"$(inherited)",
				);
				GCC_WARN_64_TO_32_BIT_CONVERSION = YES;
				GCC_WARN_ABOUT_RETURN_TYPE = YES_ERROR;
				GCC_WARN_UNDECLARED_SELECTOR = YES;
				GCC_WARN_UNINITIALIZED_AUTOS = YES_AGGRESSIVE;
				GCC_WARN_UNUSED_FUNCTION = YES;
				GCC_WARN_UNUSED_VARIABLE = YES;
				IPHONEOS_DEPLOYMENT_TARGET = 15.2;
				MTL_ENABLE_DEBUG_INFO = INCLUDE_SOURCE;
				MTL_FAST_MATH = YES;
				ONLY_ACTIVE_ARCH = YES;
				SDKROOT = iphoneos;
				SWIFT_ACTIVE_COMPILATION_CONDITIONS = DEBUG;
				SWIFT_OPTIMIZATION_LEVEL = "-Onone";
			};
			name = Debug;
		};
		EFCDDFC227BC312A006DF178 /* Release */ = {
			isa = XCBuildConfiguration;
			buildSettings = {
				ALWAYS_SEARCH_USER_PATHS = NO;
				CLANG_ANALYZER_NONNULL = YES;
				CLANG_ANALYZER_NUMBER_OBJECT_CONVERSION = YES_AGGRESSIVE;
				CLANG_CXX_LANGUAGE_STANDARD = "gnu++17";
				CLANG_CXX_LIBRARY = "libc++";
				CLANG_ENABLE_MODULES = YES;
				CLANG_ENABLE_OBJC_ARC = YES;
				CLANG_ENABLE_OBJC_WEAK = YES;
				CLANG_WARN_BLOCK_CAPTURE_AUTORELEASING = YES;
				CLANG_WARN_BOOL_CONVERSION = YES;
				CLANG_WARN_COMMA = YES;
				CLANG_WARN_CONSTANT_CONVERSION = YES;
				CLANG_WARN_DEPRECATED_OBJC_IMPLEMENTATIONS = YES;
				CLANG_WARN_DIRECT_OBJC_ISA_USAGE = YES_ERROR;
				CLANG_WARN_DOCUMENTATION_COMMENTS = YES;
				CLANG_WARN_EMPTY_BODY = YES;
				CLANG_WARN_ENUM_CONVERSION = YES;
				CLANG_WARN_INFINITE_RECURSION = YES;
				CLANG_WARN_INT_CONVERSION = YES;
				CLANG_WARN_NON_LITERAL_NULL_CONVERSION = YES;
				CLANG_WARN_OBJC_IMPLICIT_RETAIN_SELF = YES;
				CLANG_WARN_OBJC_LITERAL_CONVERSION = YES;
				CLANG_WARN_OBJC_ROOT_CLASS = YES_ERROR;
				CLANG_WARN_QUOTED_INCLUDE_IN_FRAMEWORK_HEADER = YES;
				CLANG_WARN_RANGE_LOOP_ANALYSIS = YES;
				CLANG_WARN_STRICT_PROTOTYPES = YES;
				CLANG_WARN_SUSPICIOUS_MOVE = YES;
				CLANG_WARN_UNGUARDED_AVAILABILITY = YES_AGGRESSIVE;
				CLANG_WARN_UNREACHABLE_CODE = YES;
				CLANG_WARN__DUPLICATE_METHOD_MATCH = YES;
				COPY_PHASE_STRIP = NO;
				DEBUG_INFORMATION_FORMAT = "dwarf-with-dsym";
				ENABLE_NS_ASSERTIONS = NO;
				ENABLE_STRICT_OBJC_MSGSEND = YES;
				GCC_C_LANGUAGE_STANDARD = gnu11;
				GCC_NO_COMMON_BLOCKS = YES;
				GCC_WARN_64_TO_32_BIT_CONVERSION = YES;
				GCC_WARN_ABOUT_RETURN_TYPE = YES_ERROR;
				GCC_WARN_UNDECLARED_SELECTOR = YES;
				GCC_WARN_UNINITIALIZED_AUTOS = YES_AGGRESSIVE;
				GCC_WARN_UNUSED_FUNCTION = YES;
				GCC_WARN_UNUSED_VARIABLE = YES;
				IPHONEOS_DEPLOYMENT_TARGET = 15.2;
				MTL_ENABLE_DEBUG_INFO = NO;
				MTL_FAST_MATH = YES;
				SDKROOT = iphoneos;
				SWIFT_COMPILATION_MODE = wholemodule;
				SWIFT_OPTIMIZATION_LEVEL = "-O";
				VALIDATE_PRODUCT = YES;
			};
			name = Release;
		};
		EFCDDFC427BC312A006DF178 /* Debug */ = {
			isa = XCBuildConfiguration;
			buildSettings = {
				ASSETCATALOG_COMPILER_APPICON_NAME = AppIcon;
				ASSETCATALOG_COMPILER_GLOBAL_ACCENT_COLOR_NAME = AccentColor;
				CODE_SIGN_STYLE = Automatic;
				CURRENT_PROJECT_VERSION = 1;
				DEVELOPMENT_TEAM = GV4G9Z7446;
				GENERATE_INFOPLIST_FILE = YES;
				INFOPLIST_FILE = TicTacToe/Info.plist;
				INFOPLIST_KEY_UIApplicationSupportsIndirectInputEvents = YES;
				INFOPLIST_KEY_UILaunchStoryboardName = LaunchScreen;
				INFOPLIST_KEY_UIMainStoryboardFile = Main;
				INFOPLIST_KEY_UISupportedInterfaceOrientations_iPad = "UIInterfaceOrientationPortrait UIInterfaceOrientationPortraitUpsideDown UIInterfaceOrientationLandscapeLeft UIInterfaceOrientationLandscapeRight";
				INFOPLIST_KEY_UISupportedInterfaceOrientations_iPhone = "UIInterfaceOrientationPortrait UIInterfaceOrientationLandscapeLeft UIInterfaceOrientationLandscapeRight";
				LD_RUNPATH_SEARCH_PATHS = (
					"$(inherited)",
					"@executable_path/Frameworks",
				);
				MARKETING_VERSION = 1.0;
				PRODUCT_BUNDLE_IDENTIFIER = laurens.TicTacToe;
				PRODUCT_NAME = "$(TARGET_NAME)";
				SWIFT_EMIT_LOC_STRINGS = YES;
				SWIFT_VERSION = 5.0;
				TARGETED_DEVICE_FAMILY = "1,2";
			};
			name = Debug;
		};
		EFCDDFC527BC312A006DF178 /* Release */ = {
			isa = XCBuildConfiguration;
			buildSettings = {
				ASSETCATALOG_COMPILER_APPICON_NAME = AppIcon;
				ASSETCATALOG_COMPILER_GLOBAL_ACCENT_COLOR_NAME = AccentColor;
				CODE_SIGN_STYLE = Automatic;
				CURRENT_PROJECT_VERSION = 1;
				DEVELOPMENT_TEAM = GV4G9Z7446;
				GENERATE_INFOPLIST_FILE = YES;
				INFOPLIST_FILE = TicTacToe/Info.plist;
				INFOPLIST_KEY_UIApplicationSupportsIndirectInputEvents = YES;
				INFOPLIST_KEY_UILaunchStoryboardName = LaunchScreen;
				INFOPLIST_KEY_UIMainStoryboardFile = Main;
				INFOPLIST_KEY_UISupportedInterfaceOrientations_iPad = "UIInterfaceOrientationPortrait UIInterfaceOrientationPortraitUpsideDown UIInterfaceOrientationLandscapeLeft UIInterfaceOrientationLandscapeRight";
				INFOPLIST_KEY_UISupportedInterfaceOrientations_iPhone = "UIInterfaceOrientationPortrait UIInterfaceOrientationLandscapeLeft UIInterfaceOrientationLandscapeRight";
				LD_RUNPATH_SEARCH_PATHS = (
					"$(inherited)",
					"@executable_path/Frameworks",
				);
				MARKETING_VERSION = 1.0;
				PRODUCT_BUNDLE_IDENTIFIER = laurens.TicTacToe;
				PRODUCT_NAME = "$(TARGET_NAME)";
				SWIFT_EMIT_LOC_STRINGS = YES;
				SWIFT_VERSION = 5.0;
				TARGETED_DEVICE_FAMILY = "1,2";
			};
			name = Release;
		};
		EFCDDFC727BC312A006DF178 /* Debug */ = {
			isa = XCBuildConfiguration;
			buildSettings = {
				ALWAYS_EMBED_SWIFT_STANDARD_LIBRARIES = YES;
				BUNDLE_LOADER = "$(TEST_HOST)";
				CLANG_ENABLE_MODULES = YES;
				CODE_SIGN_STYLE = Automatic;
				CURRENT_PROJECT_VERSION = 1;
				DEVELOPMENT_TEAM = GV4G9Z7446;
				GENERATE_INFOPLIST_FILE = YES;
				IPHONEOS_DEPLOYMENT_TARGET = 15.2;
				LD_RUNPATH_SEARCH_PATHS = (
					"$(inherited)",
					"@executable_path/Frameworks",
					"@loader_path/Frameworks",
				);
				MARKETING_VERSION = 1.0;
				PRODUCT_BUNDLE_IDENTIFIER = laurens.TicTacToeTests;
				PRODUCT_NAME = "$(TARGET_NAME)";
				SWIFT_EMIT_LOC_STRINGS = NO;
				SWIFT_OPTIMIZATION_LEVEL = "-Onone";
				SWIFT_VERSION = 5.0;
				TARGETED_DEVICE_FAMILY = "1,2";
				TEST_HOST = "$(BUILT_PRODUCTS_DIR)/TicTacToe.app/TicTacToe";
			};
			name = Debug;
		};
		EFCDDFC827BC312A006DF178 /* Release */ = {
			isa = XCBuildConfiguration;
			buildSettings = {
				ALWAYS_EMBED_SWIFT_STANDARD_LIBRARIES = YES;
				BUNDLE_LOADER = "$(TEST_HOST)";
				CLANG_ENABLE_MODULES = YES;
				CODE_SIGN_STYLE = Automatic;
				CURRENT_PROJECT_VERSION = 1;
				DEVELOPMENT_TEAM = GV4G9Z7446;
				GENERATE_INFOPLIST_FILE = YES;
				IPHONEOS_DEPLOYMENT_TARGET = 15.2;
				LD_RUNPATH_SEARCH_PATHS = (
					"$(inherited)",
					"@executable_path/Frameworks",
					"@loader_path/Frameworks",
				);
				MARKETING_VERSION = 1.0;
				PRODUCT_BUNDLE_IDENTIFIER = laurens.TicTacToeTests;
				PRODUCT_NAME = "$(TARGET_NAME)";
				SWIFT_EMIT_LOC_STRINGS = NO;
				SWIFT_VERSION = 5.0;
				TARGETED_DEVICE_FAMILY = "1,2";
				TEST_HOST = "$(BUILT_PRODUCTS_DIR)/TicTacToe.app/TicTacToe";
			};
			name = Release;
		};
		EFCDDFCA27BC312A006DF178 /* Debug */ = {
			isa = XCBuildConfiguration;
			buildSettings = {
				ALWAYS_EMBED_SWIFT_STANDARD_LIBRARIES = YES;
				CODE_SIGN_STYLE = Automatic;
				CURRENT_PROJECT_VERSION = 1;
				DEVELOPMENT_TEAM = GV4G9Z7446;
				GENERATE_INFOPLIST_FILE = YES;
				MARKETING_VERSION = 1.0;
				PRODUCT_BUNDLE_IDENTIFIER = laurens.TicTacToeUITests;
				PRODUCT_NAME = "$(TARGET_NAME)";
				SWIFT_EMIT_LOC_STRINGS = NO;
				SWIFT_VERSION = 5.0;
				TARGETED_DEVICE_FAMILY = "1,2";
				TEST_TARGET_NAME = TicTacToe;
			};
			name = Debug;
		};
		EFCDDFCB27BC312A006DF178 /* Release */ = {
			isa = XCBuildConfiguration;
			buildSettings = {
				ALWAYS_EMBED_SWIFT_STANDARD_LIBRARIES = YES;
				CODE_SIGN_STYLE = Automatic;
				CURRENT_PROJECT_VERSION = 1;
				DEVELOPMENT_TEAM = GV4G9Z7446;
				GENERATE_INFOPLIST_FILE = YES;
				MARKETING_VERSION = 1.0;
				PRODUCT_BUNDLE_IDENTIFIER = laurens.TicTacToeUITests;
				PRODUCT_NAME = "$(TARGET_NAME)";
				SWIFT_EMIT_LOC_STRINGS = NO;
				SWIFT_VERSION = 5.0;
				TARGETED_DEVICE_FAMILY = "1,2";
				TEST_TARGET_NAME = TicTacToe;
			};
			name = Release;
		};
/* End XCBuildConfiguration section */

/* Begin XCConfigurationList section */
		EFCDDF9427BC3127006DF178 /* Build configuration list for PBXProject "TicTacToe" */ = {
			isa = XCConfigurationList;
			buildConfigurations = (
				EFCDDFC127BC312A006DF178 /* Debug */,
				EFCDDFC227BC312A006DF178 /* Release */,
			);
			defaultConfigurationIsVisible = 0;
			defaultConfigurationName = Release;
		};
		EFCDDFC327BC312A006DF178 /* Build configuration list for PBXNativeTarget "TicTacToe" */ = {
			isa = XCConfigurationList;
			buildConfigurations = (
				EFCDDFC427BC312A006DF178 /* Debug */,
				EFCDDFC527BC312A006DF178 /* Release */,
			);
			defaultConfigurationIsVisible = 0;
			defaultConfigurationName = Release;
		};
		EFCDDFC627BC312A006DF178 /* Build configuration list for PBXNativeTarget "TicTacToeTests" */ = {
			isa = XCConfigurationList;
			buildConfigurations = (
				EFCDDFC727BC312A006DF178 /* Debug */,
				EFCDDFC827BC312A006DF178 /* Release */,
			);
			defaultConfigurationIsVisible = 0;
			defaultConfigurationName = Release;
		};
		EFCDDFC927BC312A006DF178 /* Build configuration list for PBXNativeTarget "TicTacToeUITests" */ = {
			isa = XCConfigurationList;
			buildConfigurations = (
				EFCDDFCA27BC312A006DF178 /* Debug */,
				EFCDDFCB27BC312A006DF178 /* Release */,
			);
			defaultConfigurationIsVisible = 0;
			defaultConfigurationName = Release;
		};
/* End XCConfigurationList section */
	};
	rootObject = EFCDDF9127BC3127006DF178 /* Project object */;
}
